Microsoft Visual Studio Solution File, Format Version 12.00
# Visual Studio 14
VisualStudioVersion = 14.0.25420.1
MinimumVisualStudioVersion = 10.0.40219.1
Project("{FAE04EC0-301F-11D3-BF4B-00C04F79EFBC}") = "XamarinFormsGesture", "XamarinFormsGesture\XamarinFormsGesture.csproj", "{67F9D3A8-F71E-4428-913F-C37AE82CDB24}"
EndProject
Project("{FAE04EC0-301F-11D3-BF4B-00C04F79EFBC}") = "XamarinFormsGesture.Droid", "XamarinFormsGesture.Droid\XamarinFormsGesture.Droid.csproj", "{58322946-A09D-41FE-BD21-A16470A252C1}"
EndProject
Project("{FAE04EC0-301F-11D3-BF4B-00C04F79EFBC}") = "XamarinFormsGesture.Ios", "XamarinFormsGesture.Ios\XamarinFormsGesture.Ios.csproj", "{327B28FC-253D-4A78-BBB2-79DADA4F2A1E}"
EndProject
Project("{FAE04EC0-301F-11D3-BF4B-00C04F79EFBC}") = "XamarinFormsGesture.NuGet", "XamarinFormsGesture.NuGet\XamarinFormsGesture.NuGet.csproj", "{0451BAEF-DF2E-4B98-8644-94EE9415E389}"
EndProject
Global
	GlobalSection(SolutionConfigurationPlatforms) = preSolution
		Debug|Any CPU = Debug|Any CPU
		Release|Any CPU = Release|Any CPU
	EndGlobalSection
	GlobalSection(ProjectConfigurationPlatforms) = postSolution
		{67F9D3A8-F71E-4428-913F-C37AE82CDB24}.Debug|Any CPU.ActiveCfg = Debug|Any CPU
		{67F9D3A8-F71E-4428-913F-C37AE82CDB24}.Debug|Any CPU.Build.0 = Debug|Any CPU
		{67F9D3A8-F71E-4428-913F-C37AE82CDB24}.Release|Any CPU.ActiveCfg = Release|Any CPU
		{67F9D3A8-F71E-4428-913F-C37AE82CDB24}.Release|Any CPU.Build.0 = Release|Any CPU
		{58322946-A09D-41FE-BD21-A16470A252C1}.Debug|Any CPU.ActiveCfg = Debug|Any CPU
		{58322946-A09D-41FE-BD21-A16470A252C1}.Debug|Any CPU.Build.0 = Debug|Any CPU
		{58322946-A09D-41FE-BD21-A16470A252C1}.Release|Any CPU.ActiveCfg = Release|Any CPU
		{58322946-A09D-41FE-BD21-A16470A252C1}.Release|Any CPU.Build.0 = Release|Any CPU
		{327B28FC-253D-4A78-BBB2-79DADA4F2A1E}.Debug|Any CPU.ActiveCfg = Debug|Any CPU
		{327B28FC-253D-4A78-BBB2-79DADA4F2A1E}.Debug|Any CPU.Build.0 = Debug|Any CPU
		{327B28FC-253D-4A78-BBB2-79DADA4F2A1E}.Release|Any CPU.ActiveCfg = Release|Any CPU
		{327B28FC-253D-4A78-BBB2-79DADA4F2A1E}.Release|Any CPU.Build.0 = Release|Any CPU
		{0451BAEF-DF2E-4B98-8644-94EE9415E389}.Debug|Any CPU.ActiveCfg = Debug|Any CPU
		{0451BAEF-DF2E-4B98-8644-94EE9415E389}.Release|Any CPU.ActiveCfg = Release|Any CPU
	EndGlobalSection
	GlobalSection(SolutionProperties) = preSolution
		HideSolutionNode = FALSE
	EndGlobalSection
EndGlobal
