Microsoft Visual Studio Solution File, Format Version 12.00
# Visual Studio Version 16
VisualStudioVersion = 16.0.29827.131
MinimumVisualStudioVersion = 10.0.40219.1
Project("{2150E333-8FDC-42A3-9474-1A3956D46DE8}") = "Demo", "Demo", "{70257578-BC85-44BB-B995-2DAAF2AF64E4}"
EndProject
Project("{FAE04EC0-301F-11D3-BF4B-00C04F79EFBC}") = "DemoApp.Android", "Demo\DemoApp\DemoApp.Android\DemoApp.Android.csproj", "{B8EC1FC0-9D15-47C6-BBEA-A3B173CBC7B4}"
EndProject
Project("{FAE04EC0-301F-11D3-BF4B-00C04F79EFBC}") = "DemoApp.iOS", "Demo\DemoApp\DemoApp.iOS\DemoApp.iOS.csproj", "{3C376C84-84E6-447D-A048-C5FAB00C6FAF}"
EndProject
Project("{2150E333-8FDC-42A3-9474-1A3956D46DE8}") = "Lib", "Lib", "{61947135-8EC6-46E7-97A3-65AF694D53F7}"
EndProject
Project("{9A19103F-16F7-4668-BE54-9A1E7A4F7556}") = "XamarinFormsGesture", "XamarinFormsGesture\XamarinFormsGesture.csproj", "{BA6BB0EE-4AD6-4D3A-A08C-709F1BED1222}"
EndProject
Project("{9A19103F-16F7-4668-BE54-9A1E7A4F7556}") = "DemoApp", "Demo\DemoApp\DemoApp\DemoApp.csproj", "{1236224C-680D-4250-A283-7DF3025F455B}"
EndProject
Project("{FAE04EC0-301F-11D3-BF4B-00C04F79EFBC}") = "DemoApp.Uwp", "Demo\DemoApp\DemoApp.Uwp\DemoApp.Uwp.csproj", "{4BD6C418-2F62-447A-AFB9-41C94F5A1F47}"
EndProject
Project("{2150E333-8FDC-42A3-9474-1A3956D46DE8}") = "Other", "Other", "{628B56E7-883E-411E-951D-344B4D18238E}"
	ProjectSection(SolutionItems) = preProject
		LICENSE = LICENSE
		pack.ps1 = pack.ps1
		README.md = README.md
	EndProjectSection
EndProject
Global
	GlobalSection(SolutionConfigurationPlatforms) = preSolution
		Ad-Hoc|Any CPU = Ad-Hoc|Any CPU
		Ad-Hoc|ARM = Ad-Hoc|ARM
		Ad-Hoc|iPhone = Ad-Hoc|iPhone
		Ad-Hoc|iPhoneSimulator = Ad-Hoc|iPhoneSimulator
		Ad-Hoc|x64 = Ad-Hoc|x64
		Ad-Hoc|x86 = Ad-Hoc|x86
		AppStore|Any CPU = AppStore|Any CPU
		AppStore|ARM = AppStore|ARM
		AppStore|iPhone = AppStore|iPhone
		AppStore|iPhoneSimulator = AppStore|iPhoneSimulator
		AppStore|x64 = AppStore|x64
		AppStore|x86 = AppStore|x86
		Debug|Any CPU = Debug|Any CPU
		Debug|ARM = Debug|ARM
		Debug|iPhone = Debug|iPhone
		Debug|iPhoneSimulator = Debug|iPhoneSimulator
		Debug|x64 = Debug|x64
		Debug|x86 = Debug|x86
		Release|Any CPU = Release|Any CPU
		Release|ARM = Release|ARM
		Release|iPhone = Release|iPhone
		Release|iPhoneSimulator = Release|iPhoneSimulator
		Release|x64 = Release|x64
		Release|x86 = Release|x86
	EndGlobalSection
	GlobalSection(ProjectConfigurationPlatforms) = postSolution
		{B8EC1FC0-9D15-47C6-BBEA-A3B173CBC7B4}.Ad-Hoc|Any CPU.ActiveCfg = Release|Any CPU
		{B8EC1FC0-9D15-47C6-BBEA-A3B173CBC7B4}.Ad-Hoc|Any CPU.Build.0 = Release|Any CPU
		{B8EC1FC0-9D15-47C6-BBEA-A3B173CBC7B4}.Ad-Hoc|Any CPU.Deploy.0 = Release|Any CPU
		{B8EC1FC0-9D15-47C6-BBEA-A3B173CBC7B4}.Ad-Hoc|ARM.ActiveCfg = Release|Any CPU
		{B8EC1FC0-9D15-47C6-BBEA-A3B173CBC7B4}.Ad-Hoc|ARM.Build.0 = Release|Any CPU
		{B8EC1FC0-9D15-47C6-BBEA-A3B173CBC7B4}.Ad-Hoc|ARM.Deploy.0 = Release|Any CPU
		{B8EC1FC0-9D15-47C6-BBEA-A3B173CBC7B4}.Ad-Hoc|iPhone.ActiveCfg = Release|Any CPU
		{B8EC1FC0-9D15-47C6-BBEA-A3B173CBC7B4}.Ad-Hoc|iPhone.Build.0 = Release|Any CPU
		{B8EC1FC0-9D15-47C6-BBEA-A3B173CBC7B4}.Ad-Hoc|iPhone.Deploy.0 = Release|Any CPU
		{B8EC1FC0-9D15-47C6-BBEA-A3B173CBC7B4}.Ad-Hoc|iPhoneSimulator.ActiveCfg = Release|Any CPU
		{B8EC1FC0-9D15-47C6-BBEA-A3B173CBC7B4}.Ad-Hoc|iPhoneSimulator.Build.0 = Release|Any CPU
		{B8EC1FC0-9D15-47C6-BBEA-A3B173CBC7B4}.Ad-Hoc|iPhoneSimulator.Deploy.0 = Release|Any CPU
		{B8EC1FC0-9D15-47C6-BBEA-A3B173CBC7B4}.Ad-Hoc|x64.ActiveCfg = Release|Any CPU
		{B8EC1FC0-9D15-47C6-BBEA-A3B173CBC7B4}.Ad-Hoc|x64.Build.0 = Release|Any CPU
		{B8EC1FC0-9D15-47C6-BBEA-A3B173CBC7B4}.Ad-Hoc|x64.Deploy.0 = Release|Any CPU
		{B8EC1FC0-9D15-47C6-BBEA-A3B173CBC7B4}.Ad-Hoc|x86.ActiveCfg = Release|Any CPU
		{B8EC1FC0-9D15-47C6-BBEA-A3B173CBC7B4}.Ad-Hoc|x86.Build.0 = Release|Any CPU
		{B8EC1FC0-9D15-47C6-BBEA-A3B173CBC7B4}.Ad-Hoc|x86.Deploy.0 = Release|Any CPU
		{B8EC1FC0-9D15-47C6-BBEA-A3B173CBC7B4}.AppStore|Any CPU.ActiveCfg = Release|Any CPU
		{B8EC1FC0-9D15-47C6-BBEA-A3B173CBC7B4}.AppStore|Any CPU.Build.0 = Release|Any CPU
		{B8EC1FC0-9D15-47C6-BBEA-A3B173CBC7B4}.AppStore|Any CPU.Deploy.0 = Release|Any CPU
		{B8EC1FC0-9D15-47C6-BBEA-A3B173CBC7B4}.AppStore|ARM.ActiveCfg = Release|Any CPU
		{B8EC1FC0-9D15-47C6-BBEA-A3B173CBC7B4}.AppStore|ARM.Build.0 = Release|Any CPU
		{B8EC1FC0-9D15-47C6-BBEA-A3B173CBC7B4}.AppStore|ARM.Deploy.0 = Release|Any CPU
		{B8EC1FC0-9D15-47C6-BBEA-A3B173CBC7B4}.AppStore|iPhone.ActiveCfg = Release|Any CPU
		{B8EC1FC0-9D15-47C6-BBEA-A3B173CBC7B4}.AppStore|iPhone.Build.0 = Release|Any CPU
		{B8EC1FC0-9D15-47C6-BBEA-A3B173CBC7B4}.AppStore|iPhone.Deploy.0 = Release|Any CPU
		{B8EC1FC0-9D15-47C6-BBEA-A3B173CBC7B4}.AppStore|iPhoneSimulator.ActiveCfg = Release|Any CPU
		{B8EC1FC0-9D15-47C6-BBEA-A3B173CBC7B4}.AppStore|iPhoneSimulator.Build.0 = Release|Any CPU
		{B8EC1FC0-9D15-47C6-BBEA-A3B173CBC7B4}.AppStore|iPhoneSimulator.Deploy.0 = Release|Any CPU
		{B8EC1FC0-9D15-47C6-BBEA-A3B173CBC7B4}.AppStore|x64.ActiveCfg = Release|Any CPU
		{B8EC1FC0-9D15-47C6-BBEA-A3B173CBC7B4}.AppStore|x64.Build.0 = Release|Any CPU
		{B8EC1FC0-9D15-47C6-BBEA-A3B173CBC7B4}.AppStore|x64.Deploy.0 = Release|Any CPU
		{B8EC1FC0-9D15-47C6-BBEA-A3B173CBC7B4}.AppStore|x86.ActiveCfg = Release|Any CPU
		{B8EC1FC0-9D15-47C6-BBEA-A3B173CBC7B4}.AppStore|x86.Build.0 = Release|Any CPU
		{B8EC1FC0-9D15-47C6-BBEA-A3B173CBC7B4}.AppStore|x86.Deploy.0 = Release|Any CPU
		{B8EC1FC0-9D15-47C6-BBEA-A3B173CBC7B4}.Debug|Any CPU.ActiveCfg = Debug|Any CPU
		{B8EC1FC0-9D15-47C6-BBEA-A3B173CBC7B4}.Debug|Any CPU.Build.0 = Debug|Any CPU
		{B8EC1FC0-9D15-47C6-BBEA-A3B173CBC7B4}.Debug|Any CPU.Deploy.0 = Debug|Any CPU
		{B8EC1FC0-9D15-47C6-BBEA-A3B173CBC7B4}.Debug|ARM.ActiveCfg = Debug|Any CPU
		{B8EC1FC0-9D15-47C6-BBEA-A3B173CBC7B4}.Debug|ARM.Build.0 = Debug|Any CPU
		{B8EC1FC0-9D15-47C6-BBEA-A3B173CBC7B4}.Debug|ARM.Deploy.0 = Debug|Any CPU
		{B8EC1FC0-9D15-47C6-BBEA-A3B173CBC7B4}.Debug|iPhone.ActiveCfg = Debug|Any CPU
		{B8EC1FC0-9D15-47C6-BBEA-A3B173CBC7B4}.Debug|iPhoneSimulator.ActiveCfg = Debug|Any CPU
		{B8EC1FC0-9D15-47C6-BBEA-A3B173CBC7B4}.Debug|x64.ActiveCfg = Debug|Any CPU
		{B8EC1FC0-9D15-47C6-BBEA-A3B173CBC7B4}.Debug|x64.Build.0 = Debug|Any CPU
		{B8EC1FC0-9D15-47C6-BBEA-A3B173CBC7B4}.Debug|x64.Deploy.0 = Debug|Any CPU
		{B8EC1FC0-9D15-47C6-BBEA-A3B173CBC7B4}.Debug|x86.ActiveCfg = Debug|Any CPU
		{B8EC1FC0-9D15-47C6-BBEA-A3B173CBC7B4}.Debug|x86.Build.0 = Debug|Any CPU
		{B8EC1FC0-9D15-47C6-BBEA-A3B173CBC7B4}.Debug|x86.Deploy.0 = Debug|Any CPU
		{B8EC1FC0-9D15-47C6-BBEA-A3B173CBC7B4}.Release|Any CPU.ActiveCfg = Release|Any CPU
		{B8EC1FC0-9D15-47C6-BBEA-A3B173CBC7B4}.Release|ARM.ActiveCfg = Release|Any CPU
		{B8EC1FC0-9D15-47C6-BBEA-A3B173CBC7B4}.Release|ARM.Build.0 = Release|Any CPU
		{B8EC1FC0-9D15-47C6-BBEA-A3B173CBC7B4}.Release|ARM.Deploy.0 = Release|Any CPU
		{B8EC1FC0-9D15-47C6-BBEA-A3B173CBC7B4}.Release|iPhone.ActiveCfg = Release|Any CPU
		{B8EC1FC0-9D15-47C6-BBEA-A3B173CBC7B4}.Release|iPhone.Build.0 = Release|Any CPU
		{B8EC1FC0-9D15-47C6-BBEA-A3B173CBC7B4}.Release|iPhone.Deploy.0 = Release|Any CPU
		{B8EC1FC0-9D15-47C6-BBEA-A3B173CBC7B4}.Release|iPhoneSimulator.ActiveCfg = Release|Any CPU
		{B8EC1FC0-9D15-47C6-BBEA-A3B173CBC7B4}.Release|iPhoneSimulator.Build.0 = Release|Any CPU
		{B8EC1FC0-9D15-47C6-BBEA-A3B173CBC7B4}.Release|iPhoneSimulator.Deploy.0 = Release|Any CPU
		{B8EC1FC0-9D15-47C6-BBEA-A3B173CBC7B4}.Release|x64.ActiveCfg = Release|Any CPU
		{B8EC1FC0-9D15-47C6-BBEA-A3B173CBC7B4}.Release|x64.Build.0 = Release|Any CPU
		{B8EC1FC0-9D15-47C6-BBEA-A3B173CBC7B4}.Release|x64.Deploy.0 = Release|Any CPU
		{B8EC1FC0-9D15-47C6-BBEA-A3B173CBC7B4}.Release|x86.ActiveCfg = Release|Any CPU
		{B8EC1FC0-9D15-47C6-BBEA-A3B173CBC7B4}.Release|x86.Build.0 = Release|Any CPU
		{B8EC1FC0-9D15-47C6-BBEA-A3B173CBC7B4}.Release|x86.Deploy.0 = Release|Any CPU
		{3C376C84-84E6-447D-A048-C5FAB00C6FAF}.Ad-Hoc|Any CPU.ActiveCfg = Ad-Hoc|iPhone
		{3C376C84-84E6-447D-A048-C5FAB00C6FAF}.Ad-Hoc|ARM.ActiveCfg = Ad-Hoc|iPhone
		{3C376C84-84E6-447D-A048-C5FAB00C6FAF}.Ad-Hoc|iPhone.ActiveCfg = Ad-Hoc|iPhone
		{3C376C84-84E6-447D-A048-C5FAB00C6FAF}.Ad-Hoc|iPhone.Build.0 = Ad-Hoc|iPhone
		{3C376C84-84E6-447D-A048-C5FAB00C6FAF}.Ad-Hoc|iPhoneSimulator.ActiveCfg = Ad-Hoc|iPhoneSimulator
		{3C376C84-84E6-447D-A048-C5FAB00C6FAF}.Ad-Hoc|iPhoneSimulator.Build.0 = Ad-Hoc|iPhoneSimulator
		{3C376C84-84E6-447D-A048-C5FAB00C6FAF}.Ad-Hoc|x64.ActiveCfg = Ad-Hoc|iPhone
		{3C376C84-84E6-447D-A048-C5FAB00C6FAF}.Ad-Hoc|x86.ActiveCfg = Ad-Hoc|iPhone
		{3C376C84-84E6-447D-A048-C5FAB00C6FAF}.AppStore|Any CPU.ActiveCfg = AppStore|iPhone
		{3C376C84-84E6-447D-A048-C5FAB00C6FAF}.AppStore|ARM.ActiveCfg = AppStore|iPhone
		{3C376C84-84E6-447D-A048-C5FAB00C6FAF}.AppStore|iPhone.ActiveCfg = AppStore|iPhone
		{3C376C84-84E6-447D-A048-C5FAB00C6FAF}.AppStore|iPhone.Build.0 = AppStore|iPhone
		{3C376C84-84E6-447D-A048-C5FAB00C6FAF}.AppStore|iPhoneSimulator.ActiveCfg = AppStore|iPhoneSimulator
		{3C376C84-84E6-447D-A048-C5FAB00C6FAF}.AppStore|iPhoneSimulator.Build.0 = AppStore|iPhoneSimulator
		{3C376C84-84E6-447D-A048-C5FAB00C6FAF}.AppStore|x64.ActiveCfg = AppStore|iPhone
		{3C376C84-84E6-447D-A048-C5FAB00C6FAF}.AppStore|x86.ActiveCfg = AppStore|iPhone
		{3C376C84-84E6-447D-A048-C5FAB00C6FAF}.Debug|Any CPU.ActiveCfg = Debug|iPhone
		{3C376C84-84E6-447D-A048-C5FAB00C6FAF}.Debug|Any CPU.Deploy.0 = Debug|iPhone
		{3C376C84-84E6-447D-A048-C5FAB00C6FAF}.Debug|ARM.ActiveCfg = Debug|iPhone
		{3C376C84-84E6-447D-A048-C5FAB00C6FAF}.Debug|iPhone.ActiveCfg = Debug|iPhone
		{3C376C84-84E6-447D-A048-C5FAB00C6FAF}.Debug|iPhone.Build.0 = Debug|iPhone
		{3C376C84-84E6-447D-A048-C5FAB00C6FAF}.Debug|iPhone.Deploy.0 = Debug|iPhone
		{3C376C84-84E6-447D-A048-C5FAB00C6FAF}.Debug|iPhoneSimulator.ActiveCfg = Debug|iPhoneSimulator
		{3C376C84-84E6-447D-A048-C5FAB00C6FAF}.Debug|iPhoneSimulator.Build.0 = Debug|iPhoneSimulator
		{3C376C84-84E6-447D-A048-C5FAB00C6FAF}.Debug|x64.ActiveCfg = Debug|iPhone
		{3C376C84-84E6-447D-A048-C5FAB00C6FAF}.Debug|x86.ActiveCfg = Debug|iPhone
		{3C376C84-84E6-447D-A048-C5FAB00C6FAF}.Release|Any CPU.ActiveCfg = Release|iPhone
		{3C376C84-84E6-447D-A048-C5FAB00C6FAF}.Release|ARM.ActiveCfg = Release|iPhone
		{3C376C84-84E6-447D-A048-C5FAB00C6FAF}.Release|iPhone.ActiveCfg = Release|iPhone
		{3C376C84-84E6-447D-A048-C5FAB00C6FAF}.Release|iPhone.Build.0 = Release|iPhone
		{3C376C84-84E6-447D-A048-C5FAB00C6FAF}.Release|iPhoneSimulator.ActiveCfg = Release|iPhoneSimulator
		{3C376C84-84E6-447D-A048-C5FAB00C6FAF}.Release|iPhoneSimulator.Build.0 = Release|iPhoneSimulator
		{3C376C84-84E6-447D-A048-C5FAB00C6FAF}.Release|x64.ActiveCfg = Release|iPhone
		{3C376C84-84E6-447D-A048-C5FAB00C6FAF}.Release|x86.ActiveCfg = Release|iPhone
		{BA6BB0EE-4AD6-4D3A-A08C-709F1BED1222}.Ad-Hoc|Any CPU.ActiveCfg = Debug|Any CPU
		{BA6BB0EE-4AD6-4D3A-A08C-709F1BED1222}.Ad-Hoc|Any CPU.Build.0 = Debug|Any CPU
		{BA6BB0EE-4AD6-4D3A-A08C-709F1BED1222}.Ad-Hoc|ARM.ActiveCfg = Debug|Any CPU
		{BA6BB0EE-4AD6-4D3A-A08C-709F1BED1222}.Ad-Hoc|ARM.Build.0 = Debug|Any CPU
		{BA6BB0EE-4AD6-4D3A-A08C-709F1BED1222}.Ad-Hoc|iPhone.ActiveCfg = Debug|Any CPU
		{BA6BB0EE-4AD6-4D3A-A08C-709F1BED1222}.Ad-Hoc|iPhone.Build.0 = Debug|Any CPU
		{BA6BB0EE-4AD6-4D3A-A08C-709F1BED1222}.Ad-Hoc|iPhoneSimulator.ActiveCfg = Debug|Any CPU
		{BA6BB0EE-4AD6-4D3A-A08C-709F1BED1222}.Ad-Hoc|iPhoneSimulator.Build.0 = Debug|Any CPU
		{BA6BB0EE-4AD6-4D3A-A08C-709F1BED1222}.Ad-Hoc|x64.ActiveCfg = Debug|Any CPU
		{BA6BB0EE-4AD6-4D3A-A08C-709F1BED1222}.Ad-Hoc|x64.Build.0 = Debug|Any CPU
		{BA6BB0EE-4AD6-4D3A-A08C-709F1BED1222}.Ad-Hoc|x86.ActiveCfg = Debug|Any CPU
		{BA6BB0EE-4AD6-4D3A-A08C-709F1BED1222}.Ad-Hoc|x86.Build.0 = Debug|Any CPU
		{BA6BB0EE-4AD6-4D3A-A08C-709F1BED1222}.AppStore|Any CPU.ActiveCfg = Debug|Any CPU
		{BA6BB0EE-4AD6-4D3A-A08C-709F1BED1222}.AppStore|Any CPU.Build.0 = Debug|Any CPU
		{BA6BB0EE-4AD6-4D3A-A08C-709F1BED1222}.AppStore|ARM.ActiveCfg = Debug|Any CPU
		{BA6BB0EE-4AD6-4D3A-A08C-709F1BED1222}.AppStore|ARM.Build.0 = Debug|Any CPU
		{BA6BB0EE-4AD6-4D3A-A08C-709F1BED1222}.AppStore|iPhone.ActiveCfg = Debug|Any CPU
		{BA6BB0EE-4AD6-4D3A-A08C-709F1BED1222}.AppStore|iPhone.Build.0 = Debug|Any CPU
		{BA6BB0EE-4AD6-4D3A-A08C-709F1BED1222}.AppStore|iPhoneSimulator.ActiveCfg = Debug|Any CPU
		{BA6BB0EE-4AD6-4D3A-A08C-709F1BED1222}.AppStore|iPhoneSimulator.Build.0 = Debug|Any CPU
		{BA6BB0EE-4AD6-4D3A-A08C-709F1BED1222}.AppStore|x64.ActiveCfg = Debug|Any CPU
		{BA6BB0EE-4AD6-4D3A-A08C-709F1BED1222}.AppStore|x64.Build.0 = Debug|Any CPU
		{BA6BB0EE-4AD6-4D3A-A08C-709F1BED1222}.AppStore|x86.ActiveCfg = Debug|Any CPU
		{BA6BB0EE-4AD6-4D3A-A08C-709F1BED1222}.AppStore|x86.Build.0 = Debug|Any CPU
		{BA6BB0EE-4AD6-4D3A-A08C-709F1BED1222}.Debug|Any CPU.ActiveCfg = Debug|Any CPU
		{BA6BB0EE-4AD6-4D3A-A08C-709F1BED1222}.Debug|Any CPU.Build.0 = Debug|Any CPU
		{BA6BB0EE-4AD6-4D3A-A08C-709F1BED1222}.Debug|ARM.ActiveCfg = Debug|Any CPU
		{BA6BB0EE-4AD6-4D3A-A08C-709F1BED1222}.Debug|ARM.Build.0 = Debug|Any CPU
		{BA6BB0EE-4AD6-4D3A-A08C-709F1BED1222}.Debug|iPhone.ActiveCfg = Debug|Any CPU
		{BA6BB0EE-4AD6-4D3A-A08C-709F1BED1222}.Debug|iPhone.Build.0 = Debug|Any CPU
		{BA6BB0EE-4AD6-4D3A-A08C-709F1BED1222}.Debug|iPhoneSimulator.ActiveCfg = Debug|Any CPU
		{BA6BB0EE-4AD6-4D3A-A08C-709F1BED1222}.Debug|iPhoneSimulator.Build.0 = Debug|Any CPU
		{BA6BB0EE-4AD6-4D3A-A08C-709F1BED1222}.Debug|x64.ActiveCfg = Debug|Any CPU
		{BA6BB0EE-4AD6-4D3A-A08C-709F1BED1222}.Debug|x64.Build.0 = Debug|Any CPU
		{BA6BB0EE-4AD6-4D3A-A08C-709F1BED1222}.Debug|x86.ActiveCfg = Debug|Any CPU
		{BA6BB0EE-4AD6-4D3A-A08C-709F1BED1222}.Debug|x86.Build.0 = Debug|Any CPU
		{BA6BB0EE-4AD6-4D3A-A08C-709F1BED1222}.Release|Any CPU.ActiveCfg = Release|Any CPU
		{BA6BB0EE-4AD6-4D3A-A08C-709F1BED1222}.Release|Any CPU.Build.0 = Release|Any CPU
		{BA6BB0EE-4AD6-4D3A-A08C-709F1BED1222}.Release|ARM.ActiveCfg = Release|Any CPU
		{BA6BB0EE-4AD6-4D3A-A08C-709F1BED1222}.Release|ARM.Build.0 = Release|Any CPU
		{BA6BB0EE-4AD6-4D3A-A08C-709F1BED1222}.Release|iPhone.ActiveCfg = Release|Any CPU
		{BA6BB0EE-4AD6-4D3A-A08C-709F1BED1222}.Release|iPhone.Build.0 = Release|Any CPU
		{BA6BB0EE-4AD6-4D3A-A08C-709F1BED1222}.Release|iPhoneSimulator.ActiveCfg = Release|Any CPU
		{BA6BB0EE-4AD6-4D3A-A08C-709F1BED1222}.Release|iPhoneSimulator.Build.0 = Release|Any CPU
		{BA6BB0EE-4AD6-4D3A-A08C-709F1BED1222}.Release|x64.ActiveCfg = Release|Any CPU
		{BA6BB0EE-4AD6-4D3A-A08C-709F1BED1222}.Release|x64.Build.0 = Release|Any CPU
		{BA6BB0EE-4AD6-4D3A-A08C-709F1BED1222}.Release|x86.ActiveCfg = Release|Any CPU
		{BA6BB0EE-4AD6-4D3A-A08C-709F1BED1222}.Release|x86.Build.0 = Release|Any CPU
		{1236224C-680D-4250-A283-7DF3025F455B}.Ad-Hoc|Any CPU.ActiveCfg = Debug|Any CPU
		{1236224C-680D-4250-A283-7DF3025F455B}.Ad-Hoc|Any CPU.Build.0 = Debug|Any CPU
		{1236224C-680D-4250-A283-7DF3025F455B}.Ad-Hoc|ARM.ActiveCfg = Debug|Any CPU
		{1236224C-680D-4250-A283-7DF3025F455B}.Ad-Hoc|ARM.Build.0 = Debug|Any CPU
		{1236224C-680D-4250-A283-7DF3025F455B}.Ad-Hoc|iPhone.ActiveCfg = Debug|Any CPU
		{1236224C-680D-4250-A283-7DF3025F455B}.Ad-Hoc|iPhone.Build.0 = Debug|Any CPU
		{1236224C-680D-4250-A283-7DF3025F455B}.Ad-Hoc|iPhoneSimulator.ActiveCfg = Debug|Any CPU
		{1236224C-680D-4250-A283-7DF3025F455B}.Ad-Hoc|iPhoneSimulator.Build.0 = Debug|Any CPU
		{1236224C-680D-4250-A283-7DF3025F455B}.Ad-Hoc|x64.ActiveCfg = Debug|Any CPU
		{1236224C-680D-4250-A283-7DF3025F455B}.Ad-Hoc|x64.Build.0 = Debug|Any CPU
		{1236224C-680D-4250-A283-7DF3025F455B}.Ad-Hoc|x86.ActiveCfg = Debug|Any CPU
		{1236224C-680D-4250-A283-7DF3025F455B}.Ad-Hoc|x86.Build.0 = Debug|Any CPU
		{1236224C-680D-4250-A283-7DF3025F455B}.AppStore|Any CPU.ActiveCfg = Debug|Any CPU
		{1236224C-680D-4250-A283-7DF3025F455B}.AppStore|Any CPU.Build.0 = Debug|Any CPU
		{1236224C-680D-4250-A283-7DF3025F455B}.AppStore|ARM.ActiveCfg = Debug|Any CPU
		{1236224C-680D-4250-A283-7DF3025F455B}.AppStore|ARM.Build.0 = Debug|Any CPU
		{1236224C-680D-4250-A283-7DF3025F455B}.AppStore|iPhone.ActiveCfg = Debug|Any CPU
		{1236224C-680D-4250-A283-7DF3025F455B}.AppStore|iPhone.Build.0 = Debug|Any CPU
		{1236224C-680D-4250-A283-7DF3025F455B}.AppStore|iPhoneSimulator.ActiveCfg = Debug|Any CPU
		{1236224C-680D-4250-A283-7DF3025F455B}.AppStore|iPhoneSimulator.Build.0 = Debug|Any CPU
		{1236224C-680D-4250-A283-7DF3025F455B}.AppStore|x64.ActiveCfg = Debug|Any CPU
		{1236224C-680D-4250-A283-7DF3025F455B}.AppStore|x64.Build.0 = Debug|Any CPU
		{1236224C-680D-4250-A283-7DF3025F455B}.AppStore|x86.ActiveCfg = Debug|Any CPU
		{1236224C-680D-4250-A283-7DF3025F455B}.AppStore|x86.Build.0 = Debug|Any CPU
		{1236224C-680D-4250-A283-7DF3025F455B}.Debug|Any CPU.ActiveCfg = Debug|Any CPU
		{1236224C-680D-4250-A283-7DF3025F455B}.Debug|Any CPU.Build.0 = Debug|Any CPU
		{1236224C-680D-4250-A283-7DF3025F455B}.Debug|ARM.ActiveCfg = Debug|Any CPU
		{1236224C-680D-4250-A283-7DF3025F455B}.Debug|ARM.Build.0 = Debug|Any CPU
		{1236224C-680D-4250-A283-7DF3025F455B}.Debug|iPhone.ActiveCfg = Debug|Any CPU
		{1236224C-680D-4250-A283-7DF3025F455B}.Debug|iPhone.Build.0 = Debug|Any CPU
		{1236224C-680D-4250-A283-7DF3025F455B}.Debug|iPhoneSimulator.ActiveCfg = Debug|Any CPU
		{1236224C-680D-4250-A283-7DF3025F455B}.Debug|iPhoneSimulator.Build.0 = Debug|Any CPU
		{1236224C-680D-4250-A283-7DF3025F455B}.Debug|x64.ActiveCfg = Debug|Any CPU
		{1236224C-680D-4250-A283-7DF3025F455B}.Debug|x64.Build.0 = Debug|Any CPU
		{1236224C-680D-4250-A283-7DF3025F455B}.Debug|x86.ActiveCfg = Debug|Any CPU
		{1236224C-680D-4250-A283-7DF3025F455B}.Debug|x86.Build.0 = Debug|Any CPU
		{1236224C-680D-4250-A283-7DF3025F455B}.Release|Any CPU.ActiveCfg = Release|Any CPU
		{1236224C-680D-4250-A283-7DF3025F455B}.Release|ARM.ActiveCfg = Release|Any CPU
		{1236224C-680D-4250-A283-7DF3025F455B}.Release|ARM.Build.0 = Release|Any CPU
		{1236224C-680D-4250-A283-7DF3025F455B}.Release|iPhone.ActiveCfg = Release|Any CPU
		{1236224C-680D-4250-A283-7DF3025F455B}.Release|iPhone.Build.0 = Release|Any CPU
		{1236224C-680D-4250-A283-7DF3025F455B}.Release|iPhoneSimulator.ActiveCfg = Release|Any CPU
		{1236224C-680D-4250-A283-7DF3025F455B}.Release|iPhoneSimulator.Build.0 = Release|Any CPU
		{1236224C-680D-4250-A283-7DF3025F455B}.Release|x64.ActiveCfg = Release|Any CPU
		{1236224C-680D-4250-A283-7DF3025F455B}.Release|x64.Build.0 = Release|Any CPU
		{1236224C-680D-4250-A283-7DF3025F455B}.Release|x86.ActiveCfg = Release|Any CPU
		{1236224C-680D-4250-A283-7DF3025F455B}.Release|x86.Build.0 = Release|Any CPU
		{4BD6C418-2F62-447A-AFB9-41C94F5A1F47}.Ad-Hoc|Any CPU.ActiveCfg = Release|x64
		{4BD6C418-2F62-447A-AFB9-41C94F5A1F47}.Ad-Hoc|Any CPU.Build.0 = Release|x64
		{4BD6C418-2F62-447A-AFB9-41C94F5A1F47}.Ad-Hoc|Any CPU.Deploy.0 = Release|x64
		{4BD6C418-2F62-447A-AFB9-41C94F5A1F47}.Ad-Hoc|ARM.ActiveCfg = Release|ARM
		{4BD6C418-2F62-447A-AFB9-41C94F5A1F47}.Ad-Hoc|ARM.Build.0 = Release|ARM
		{4BD6C418-2F62-447A-AFB9-41C94F5A1F47}.Ad-Hoc|ARM.Deploy.0 = Release|ARM
		{4BD6C418-2F62-447A-AFB9-41C94F5A1F47}.Ad-Hoc|iPhone.ActiveCfg = Release|x64
		{4BD6C418-2F62-447A-AFB9-41C94F5A1F47}.Ad-Hoc|iPhone.Build.0 = Release|x64
		{4BD6C418-2F62-447A-AFB9-41C94F5A1F47}.Ad-Hoc|iPhone.Deploy.0 = Release|x64
		{4BD6C418-2F62-447A-AFB9-41C94F5A1F47}.Ad-Hoc|iPhoneSimulator.ActiveCfg = Release|x64
		{4BD6C418-2F62-447A-AFB9-41C94F5A1F47}.Ad-Hoc|iPhoneSimulator.Build.0 = Release|x64
		{4BD6C418-2F62-447A-AFB9-41C94F5A1F47}.Ad-Hoc|iPhoneSimulator.Deploy.0 = Release|x64
		{4BD6C418-2F62-447A-AFB9-41C94F5A1F47}.Ad-Hoc|x64.ActiveCfg = Release|x64
		{4BD6C418-2F62-447A-AFB9-41C94F5A1F47}.Ad-Hoc|x64.Build.0 = Release|x64
		{4BD6C418-2F62-447A-AFB9-41C94F5A1F47}.Ad-Hoc|x64.Deploy.0 = Release|x64
		{4BD6C418-2F62-447A-AFB9-41C94F5A1F47}.Ad-Hoc|x86.ActiveCfg = Release|x86
		{4BD6C418-2F62-447A-AFB9-41C94F5A1F47}.Ad-Hoc|x86.Build.0 = Release|x86
		{4BD6C418-2F62-447A-AFB9-41C94F5A1F47}.Ad-Hoc|x86.Deploy.0 = Release|x86
		{4BD6C418-2F62-447A-AFB9-41C94F5A1F47}.AppStore|Any CPU.ActiveCfg = Release|x64
		{4BD6C418-2F62-447A-AFB9-41C94F5A1F47}.AppStore|Any CPU.Build.0 = Release|x64
		{4BD6C418-2F62-447A-AFB9-41C94F5A1F47}.AppStore|Any CPU.Deploy.0 = Release|x64
		{4BD6C418-2F62-447A-AFB9-41C94F5A1F47}.AppStore|ARM.ActiveCfg = Release|ARM
		{4BD6C418-2F62-447A-AFB9-41C94F5A1F47}.AppStore|ARM.Build.0 = Release|ARM
		{4BD6C418-2F62-447A-AFB9-41C94F5A1F47}.AppStore|ARM.Deploy.0 = Release|ARM
		{4BD6C418-2F62-447A-AFB9-41C94F5A1F47}.AppStore|iPhone.ActiveCfg = Release|x64
		{4BD6C418-2F62-447A-AFB9-41C94F5A1F47}.AppStore|iPhone.Build.0 = Release|x64
		{4BD6C418-2F62-447A-AFB9-41C94F5A1F47}.AppStore|iPhone.Deploy.0 = Release|x64
		{4BD6C418-2F62-447A-AFB9-41C94F5A1F47}.AppStore|iPhoneSimulator.ActiveCfg = Release|x64
		{4BD6C418-2F62-447A-AFB9-41C94F5A1F47}.AppStore|iPhoneSimulator.Build.0 = Release|x64
		{4BD6C418-2F62-447A-AFB9-41C94F5A1F47}.AppStore|iPhoneSimulator.Deploy.0 = Release|x64
		{4BD6C418-2F62-447A-AFB9-41C94F5A1F47}.AppStore|x64.ActiveCfg = Release|x64
		{4BD6C418-2F62-447A-AFB9-41C94F5A1F47}.AppStore|x64.Build.0 = Release|x64
		{4BD6C418-2F62-447A-AFB9-41C94F5A1F47}.AppStore|x64.Deploy.0 = Release|x64
		{4BD6C418-2F62-447A-AFB9-41C94F5A1F47}.AppStore|x86.ActiveCfg = Release|x86
		{4BD6C418-2F62-447A-AFB9-41C94F5A1F47}.AppStore|x86.Build.0 = Release|x86
		{4BD6C418-2F62-447A-AFB9-41C94F5A1F47}.AppStore|x86.Deploy.0 = Release|x86
		{4BD6C418-2F62-447A-AFB9-41C94F5A1F47}.Debug|Any CPU.ActiveCfg = Debug|x64
		{4BD6C418-2F62-447A-AFB9-41C94F5A1F47}.Debug|Any CPU.Build.0 = Debug|x64
		{4BD6C418-2F62-447A-AFB9-41C94F5A1F47}.Debug|Any CPU.Deploy.0 = Debug|x64
		{4BD6C418-2F62-447A-AFB9-41C94F5A1F47}.Debug|ARM.ActiveCfg = Debug|ARM
		{4BD6C418-2F62-447A-AFB9-41C94F5A1F47}.Debug|ARM.Build.0 = Debug|ARM
		{4BD6C418-2F62-447A-AFB9-41C94F5A1F47}.Debug|ARM.Deploy.0 = Debug|ARM
		{4BD6C418-2F62-447A-AFB9-41C94F5A1F47}.Debug|iPhone.ActiveCfg = Debug|x86
		{4BD6C418-2F62-447A-AFB9-41C94F5A1F47}.Debug|iPhoneSimulator.ActiveCfg = Debug|x86
		{4BD6C418-2F62-447A-AFB9-41C94F5A1F47}.Debug|x64.ActiveCfg = Debug|x64
		{4BD6C418-2F62-447A-AFB9-41C94F5A1F47}.Debug|x64.Build.0 = Debug|x64
		{4BD6C418-2F62-447A-AFB9-41C94F5A1F47}.Debug|x64.Deploy.0 = Debug|x64
		{4BD6C418-2F62-447A-AFB9-41C94F5A1F47}.Debug|x86.ActiveCfg = Debug|x86
		{4BD6C418-2F62-447A-AFB9-41C94F5A1F47}.Debug|x86.Build.0 = Debug|x86
		{4BD6C418-2F62-447A-AFB9-41C94F5A1F47}.Debug|x86.Deploy.0 = Debug|x86
		{4BD6C418-2F62-447A-AFB9-41C94F5A1F47}.Release|Any CPU.ActiveCfg = Release|x86
		{4BD6C418-2F62-447A-AFB9-41C94F5A1F47}.Release|ARM.ActiveCfg = Release|ARM
		{4BD6C418-2F62-447A-AFB9-41C94F5A1F47}.Release|ARM.Build.0 = Release|ARM
		{4BD6C418-2F62-447A-AFB9-41C94F5A1F47}.Release|ARM.Deploy.0 = Release|ARM
		{4BD6C418-2F62-447A-AFB9-41C94F5A1F47}.Release|iPhone.ActiveCfg = Release|x86
		{4BD6C418-2F62-447A-AFB9-41C94F5A1F47}.Release|iPhoneSimulator.ActiveCfg = Release|x86
		{4BD6C418-2F62-447A-AFB9-41C94F5A1F47}.Release|x64.ActiveCfg = Release|x64
		{4BD6C418-2F62-447A-AFB9-41C94F5A1F47}.Release|x64.Build.0 = Release|x64
		{4BD6C418-2F62-447A-AFB9-41C94F5A1F47}.Release|x64.Deploy.0 = Release|x64
		{4BD6C418-2F62-447A-AFB9-41C94F5A1F47}.Release|x86.ActiveCfg = Release|x86
		{4BD6C418-2F62-447A-AFB9-41C94F5A1F47}.Release|x86.Build.0 = Release|x86
		{4BD6C418-2F62-447A-AFB9-41C94F5A1F47}.Release|x86.Deploy.0 = Release|x86
	EndGlobalSection
	GlobalSection(SolutionProperties) = preSolution
		HideSolutionNode = FALSE
	EndGlobalSection
	GlobalSection(NestedProjects) = preSolution
		{B8EC1FC0-9D15-47C6-BBEA-A3B173CBC7B4} = {70257578-BC85-44BB-B995-2DAAF2AF64E4}
		{3C376C84-84E6-447D-A048-C5FAB00C6FAF} = {70257578-BC85-44BB-B995-2DAAF2AF64E4}
		{BA6BB0EE-4AD6-4D3A-A08C-709F1BED1222} = {61947135-8EC6-46E7-97A3-65AF694D53F7}
		{1236224C-680D-4250-A283-7DF3025F455B} = {70257578-BC85-44BB-B995-2DAAF2AF64E4}
		{4BD6C418-2F62-447A-AFB9-41C94F5A1F47} = {70257578-BC85-44BB-B995-2DAAF2AF64E4}
	EndGlobalSection
	GlobalSection(ExtensibilityGlobals) = postSolution
		SolutionGuid = {B21FE179-1E32-42BC-A468-0DA647F6471C}
	EndGlobalSection
EndGlobal
