Microsoft Visual Studio Solution File, Format Version 12.00
# Visual Studio 14
VisualStudioVersion = 14.0.25420.1
MinimumVisualStudioVersion = 10.0.40219.1
Project("{FAE04EC0-301F-11D3-BF4B-00C04F79EFBC}") = "XamarinFormsGesture", "XamarinFormsGesture\XamarinFormsGesture.csproj", "{67F9D3A8-F71E-4428-913F-C37AE82CDB24}"
EndProject
Project("{FAE04EC0-301F-11D3-BF4B-00C04F79EFBC}") = "XamarinFormsGesture.Droid", "XamarinFormsGesture.Droid\XamarinFormsGesture.Droid.csproj", "{58322946-A09D-41FE-BD21-A16470A252C1}"
EndProject
Project("{FAE04EC0-301F-11D3-BF4B-00C04F79EFBC}") = "XamarinFormsGesture.Ios", "XamarinFormsGesture.Ios\XamarinFormsGesture.Ios.csproj", "{327B28FC-253D-4A78-BBB2-79DADA4F2A1E}"
EndProject
Project("{FAE04EC0-301F-11D3-BF4B-00C04F79EFBC}") = "XamarinFormsGesture.NuGet", "XamarinFormsGesture.NuGet\XamarinFormsGesture.NuGet.csproj", "{0451BAEF-DF2E-4B98-8644-94EE9415E389}"
EndProject
Project("{2150E333-8FDC-42A3-9474-1A3956D46DE8}") = "Demo", "Demo", "{70257578-BC85-44BB-B995-2DAAF2AF64E4}"
EndProject
Project("{FAE04EC0-301F-11D3-BF4B-00C04F79EFBC}") = "DemoApp.Android", "Demo\DemoApp\DemoApp.Android\DemoApp.Android.csproj", "{B8EC1FC0-9D15-47C6-BBEA-A3B173CBC7B4}"
EndProject
Project("{FAE04EC0-301F-11D3-BF4B-00C04F79EFBC}") = "DemoApp", "Demo\DemoApp\DemoApp\DemoApp.csproj", "{E76FFDFB-689F-4EEA-B4DE-B40DF5DFDDEA}"
EndProject
Project("{FAE04EC0-301F-11D3-BF4B-00C04F79EFBC}") = "DemoApp.iOS", "Demo\DemoApp\DemoApp.iOS\DemoApp.iOS.csproj", "{3C376C84-84E6-447D-A048-C5FAB00C6FAF}"
EndProject
Project("{2150E333-8FDC-42A3-9474-1A3956D46DE8}") = "Lib", "Lib", "{61947135-8EC6-46E7-97A3-65AF694D53F7}"
EndProject
Global
	GlobalSection(SolutionConfigurationPlatforms) = preSolution
		Ad-Hoc|Any CPU = Ad-Hoc|Any CPU
		Ad-Hoc|ARM = Ad-Hoc|ARM
		Ad-Hoc|iPhone = Ad-Hoc|iPhone
		Ad-Hoc|iPhoneSimulator = Ad-Hoc|iPhoneSimulator
		Ad-Hoc|x64 = Ad-Hoc|x64
		Ad-Hoc|x86 = Ad-Hoc|x86
		AppStore|Any CPU = AppStore|Any CPU
		AppStore|ARM = AppStore|ARM
		AppStore|iPhone = AppStore|iPhone
		AppStore|iPhoneSimulator = AppStore|iPhoneSimulator
		AppStore|x64 = AppStore|x64
		AppStore|x86 = AppStore|x86
		Debug|Any CPU = Debug|Any CPU
		Debug|ARM = Debug|ARM
		Debug|iPhone = Debug|iPhone
		Debug|iPhoneSimulator = Debug|iPhoneSimulator
		Debug|x64 = Debug|x64
		Debug|x86 = Debug|x86
		Release|Any CPU = Release|Any CPU
		Release|ARM = Release|ARM
		Release|iPhone = Release|iPhone
		Release|iPhoneSimulator = Release|iPhoneSimulator
		Release|x64 = Release|x64
		Release|x86 = Release|x86
	EndGlobalSection
	GlobalSection(ProjectConfigurationPlatforms) = postSolution
		{67F9D3A8-F71E-4428-913F-C37AE82CDB24}.Ad-Hoc|Any CPU.ActiveCfg = Release|Any CPU
		{67F9D3A8-F71E-4428-913F-C37AE82CDB24}.Ad-Hoc|Any CPU.Build.0 = Release|Any CPU
		{67F9D3A8-F71E-4428-913F-C37AE82CDB24}.Ad-Hoc|ARM.ActiveCfg = Release|Any CPU
		{67F9D3A8-F71E-4428-913F-C37AE82CDB24}.Ad-Hoc|ARM.Build.0 = Release|Any CPU
		{67F9D3A8-F71E-4428-913F-C37AE82CDB24}.Ad-Hoc|iPhone.ActiveCfg = Release|Any CPU
		{67F9D3A8-F71E-4428-913F-C37AE82CDB24}.Ad-Hoc|iPhone.Build.0 = Release|Any CPU
		{67F9D3A8-F71E-4428-913F-C37AE82CDB24}.Ad-Hoc|iPhoneSimulator.ActiveCfg = Release|Any CPU
		{67F9D3A8-F71E-4428-913F-C37AE82CDB24}.Ad-Hoc|iPhoneSimulator.Build.0 = Release|Any CPU
		{67F9D3A8-F71E-4428-913F-C37AE82CDB24}.Ad-Hoc|x64.ActiveCfg = Release|Any CPU
		{67F9D3A8-F71E-4428-913F-C37AE82CDB24}.Ad-Hoc|x64.Build.0 = Release|Any CPU
		{67F9D3A8-F71E-4428-913F-C37AE82CDB24}.Ad-Hoc|x86.ActiveCfg = Release|Any CPU
		{67F9D3A8-F71E-4428-913F-C37AE82CDB24}.Ad-Hoc|x86.Build.0 = Release|Any CPU
		{67F9D3A8-F71E-4428-913F-C37AE82CDB24}.AppStore|Any CPU.ActiveCfg = Release|Any CPU
		{67F9D3A8-F71E-4428-913F-C37AE82CDB24}.AppStore|Any CPU.Build.0 = Release|Any CPU
		{67F9D3A8-F71E-4428-913F-C37AE82CDB24}.AppStore|ARM.ActiveCfg = Release|Any CPU
		{67F9D3A8-F71E-4428-913F-C37AE82CDB24}.AppStore|ARM.Build.0 = Release|Any CPU
		{67F9D3A8-F71E-4428-913F-C37AE82CDB24}.AppStore|iPhone.ActiveCfg = Release|Any CPU
		{67F9D3A8-F71E-4428-913F-C37AE82CDB24}.AppStore|iPhone.Build.0 = Release|Any CPU
		{67F9D3A8-F71E-4428-913F-C37AE82CDB24}.AppStore|iPhoneSimulator.ActiveCfg = Release|Any CPU
		{67F9D3A8-F71E-4428-913F-C37AE82CDB24}.AppStore|iPhoneSimulator.Build.0 = Release|Any CPU
		{67F9D3A8-F71E-4428-913F-C37AE82CDB24}.AppStore|x64.ActiveCfg = Release|Any CPU
		{67F9D3A8-F71E-4428-913F-C37AE82CDB24}.AppStore|x64.Build.0 = Release|Any CPU
		{67F9D3A8-F71E-4428-913F-C37AE82CDB24}.AppStore|x86.ActiveCfg = Release|Any CPU
		{67F9D3A8-F71E-4428-913F-C37AE82CDB24}.AppStore|x86.Build.0 = Release|Any CPU
		{67F9D3A8-F71E-4428-913F-C37AE82CDB24}.Debug|Any CPU.ActiveCfg = Debug|Any CPU
		{67F9D3A8-F71E-4428-913F-C37AE82CDB24}.Debug|Any CPU.Build.0 = Debug|Any CPU
		{67F9D3A8-F71E-4428-913F-C37AE82CDB24}.Debug|ARM.ActiveCfg = Debug|Any CPU
		{67F9D3A8-F71E-4428-913F-C37AE82CDB24}.Debug|ARM.Build.0 = Debug|Any CPU
		{67F9D3A8-F71E-4428-913F-C37AE82CDB24}.Debug|iPhone.ActiveCfg = Debug|Any CPU
		{67F9D3A8-F71E-4428-913F-C37AE82CDB24}.Debug|iPhone.Build.0 = Debug|Any CPU
		{67F9D3A8-F71E-4428-913F-C37AE82CDB24}.Debug|iPhoneSimulator.ActiveCfg = Debug|Any CPU
		{67F9D3A8-F71E-4428-913F-C37AE82CDB24}.Debug|iPhoneSimulator.Build.0 = Debug|Any CPU
		{67F9D3A8-F71E-4428-913F-C37AE82CDB24}.Debug|x64.ActiveCfg = Debug|Any CPU
		{67F9D3A8-F71E-4428-913F-C37AE82CDB24}.Debug|x64.Build.0 = Debug|Any CPU
		{67F9D3A8-F71E-4428-913F-C37AE82CDB24}.Debug|x86.ActiveCfg = Debug|Any CPU
		{67F9D3A8-F71E-4428-913F-C37AE82CDB24}.Debug|x86.Build.0 = Debug|Any CPU
		{67F9D3A8-F71E-4428-913F-C37AE82CDB24}.Release|Any CPU.ActiveCfg = Release|Any CPU
		{67F9D3A8-F71E-4428-913F-C37AE82CDB24}.Release|Any CPU.Build.0 = Release|Any CPU
		{67F9D3A8-F71E-4428-913F-C37AE82CDB24}.Release|ARM.ActiveCfg = Release|Any CPU
		{67F9D3A8-F71E-4428-913F-C37AE82CDB24}.Release|ARM.Build.0 = Release|Any CPU
		{67F9D3A8-F71E-4428-913F-C37AE82CDB24}.Release|iPhone.ActiveCfg = Release|Any CPU
		{67F9D3A8-F71E-4428-913F-C37AE82CDB24}.Release|iPhone.Build.0 = Release|Any CPU
		{67F9D3A8-F71E-4428-913F-C37AE82CDB24}.Release|iPhoneSimulator.ActiveCfg = Release|Any CPU
		{67F9D3A8-F71E-4428-913F-C37AE82CDB24}.Release|iPhoneSimulator.Build.0 = Release|Any CPU
		{67F9D3A8-F71E-4428-913F-C37AE82CDB24}.Release|x64.ActiveCfg = Release|Any CPU
		{67F9D3A8-F71E-4428-913F-C37AE82CDB24}.Release|x64.Build.0 = Release|Any CPU
		{67F9D3A8-F71E-4428-913F-C37AE82CDB24}.Release|x86.ActiveCfg = Release|Any CPU
		{67F9D3A8-F71E-4428-913F-C37AE82CDB24}.Release|x86.Build.0 = Release|Any CPU
		{58322946-A09D-41FE-BD21-A16470A252C1}.Ad-Hoc|Any CPU.ActiveCfg = Release|Any CPU
		{58322946-A09D-41FE-BD21-A16470A252C1}.Ad-Hoc|Any CPU.Build.0 = Release|Any CPU
		{58322946-A09D-41FE-BD21-A16470A252C1}.Ad-Hoc|ARM.ActiveCfg = Release|Any CPU
		{58322946-A09D-41FE-BD21-A16470A252C1}.Ad-Hoc|ARM.Build.0 = Release|Any CPU
		{58322946-A09D-41FE-BD21-A16470A252C1}.Ad-Hoc|iPhone.ActiveCfg = Release|Any CPU
		{58322946-A09D-41FE-BD21-A16470A252C1}.Ad-Hoc|iPhone.Build.0 = Release|Any CPU
		{58322946-A09D-41FE-BD21-A16470A252C1}.Ad-Hoc|iPhoneSimulator.ActiveCfg = Release|Any CPU
		{58322946-A09D-41FE-BD21-A16470A252C1}.Ad-Hoc|iPhoneSimulator.Build.0 = Release|Any CPU
		{58322946-A09D-41FE-BD21-A16470A252C1}.Ad-Hoc|x64.ActiveCfg = Release|Any CPU
		{58322946-A09D-41FE-BD21-A16470A252C1}.Ad-Hoc|x64.Build.0 = Release|Any CPU
		{58322946-A09D-41FE-BD21-A16470A252C1}.Ad-Hoc|x86.ActiveCfg = Release|Any CPU
		{58322946-A09D-41FE-BD21-A16470A252C1}.Ad-Hoc|x86.Build.0 = Release|Any CPU
		{58322946-A09D-41FE-BD21-A16470A252C1}.AppStore|Any CPU.ActiveCfg = Release|Any CPU
		{58322946-A09D-41FE-BD21-A16470A252C1}.AppStore|Any CPU.Build.0 = Release|Any CPU
		{58322946-A09D-41FE-BD21-A16470A252C1}.AppStore|ARM.ActiveCfg = Release|Any CPU
		{58322946-A09D-41FE-BD21-A16470A252C1}.AppStore|ARM.Build.0 = Release|Any CPU
		{58322946-A09D-41FE-BD21-A16470A252C1}.AppStore|iPhone.ActiveCfg = Release|Any CPU
		{58322946-A09D-41FE-BD21-A16470A252C1}.AppStore|iPhone.Build.0 = Release|Any CPU
		{58322946-A09D-41FE-BD21-A16470A252C1}.AppStore|iPhoneSimulator.ActiveCfg = Release|Any CPU
		{58322946-A09D-41FE-BD21-A16470A252C1}.AppStore|iPhoneSimulator.Build.0 = Release|Any CPU
		{58322946-A09D-41FE-BD21-A16470A252C1}.AppStore|x64.ActiveCfg = Release|Any CPU
		{58322946-A09D-41FE-BD21-A16470A252C1}.AppStore|x64.Build.0 = Release|Any CPU
		{58322946-A09D-41FE-BD21-A16470A252C1}.AppStore|x86.ActiveCfg = Release|Any CPU
		{58322946-A09D-41FE-BD21-A16470A252C1}.AppStore|x86.Build.0 = Release|Any CPU
		{58322946-A09D-41FE-BD21-A16470A252C1}.Debug|Any CPU.ActiveCfg = Debug|Any CPU
		{58322946-A09D-41FE-BD21-A16470A252C1}.Debug|Any CPU.Build.0 = Debug|Any CPU
		{58322946-A09D-41FE-BD21-A16470A252C1}.Debug|ARM.ActiveCfg = Debug|Any CPU
		{58322946-A09D-41FE-BD21-A16470A252C1}.Debug|ARM.Build.0 = Debug|Any CPU
		{58322946-A09D-41FE-BD21-A16470A252C1}.Debug|iPhone.ActiveCfg = Debug|Any CPU
		{58322946-A09D-41FE-BD21-A16470A252C1}.Debug|iPhone.Build.0 = Debug|Any CPU
		{58322946-A09D-41FE-BD21-A16470A252C1}.Debug|iPhoneSimulator.ActiveCfg = Debug|Any CPU
		{58322946-A09D-41FE-BD21-A16470A252C1}.Debug|iPhoneSimulator.Build.0 = Debug|Any CPU
		{58322946-A09D-41FE-BD21-A16470A252C1}.Debug|x64.ActiveCfg = Debug|Any CPU
		{58322946-A09D-41FE-BD21-A16470A252C1}.Debug|x64.Build.0 = Debug|Any CPU
		{58322946-A09D-41FE-BD21-A16470A252C1}.Debug|x86.ActiveCfg = Debug|Any CPU
		{58322946-A09D-41FE-BD21-A16470A252C1}.Debug|x86.Build.0 = Debug|Any CPU
		{58322946-A09D-41FE-BD21-A16470A252C1}.Release|Any CPU.ActiveCfg = Release|Any CPU
		{58322946-A09D-41FE-BD21-A16470A252C1}.Release|Any CPU.Build.0 = Release|Any CPU
		{58322946-A09D-41FE-BD21-A16470A252C1}.Release|ARM.ActiveCfg = Release|Any CPU
		{58322946-A09D-41FE-BD21-A16470A252C1}.Release|ARM.Build.0 = Release|Any CPU
		{58322946-A09D-41FE-BD21-A16470A252C1}.Release|iPhone.ActiveCfg = Release|Any CPU
		{58322946-A09D-41FE-BD21-A16470A252C1}.Release|iPhone.Build.0 = Release|Any CPU
		{58322946-A09D-41FE-BD21-A16470A252C1}.Release|iPhoneSimulator.ActiveCfg = Release|Any CPU
		{58322946-A09D-41FE-BD21-A16470A252C1}.Release|iPhoneSimulator.Build.0 = Release|Any CPU
		{58322946-A09D-41FE-BD21-A16470A252C1}.Release|x64.ActiveCfg = Release|Any CPU
		{58322946-A09D-41FE-BD21-A16470A252C1}.Release|x64.Build.0 = Release|Any CPU
		{58322946-A09D-41FE-BD21-A16470A252C1}.Release|x86.ActiveCfg = Release|Any CPU
		{58322946-A09D-41FE-BD21-A16470A252C1}.Release|x86.Build.0 = Release|Any CPU
		{327B28FC-253D-4A78-BBB2-79DADA4F2A1E}.Ad-Hoc|Any CPU.ActiveCfg = Release|Any CPU
		{327B28FC-253D-4A78-BBB2-79DADA4F2A1E}.Ad-Hoc|Any CPU.Build.0 = Release|Any CPU
		{327B28FC-253D-4A78-BBB2-79DADA4F2A1E}.Ad-Hoc|ARM.ActiveCfg = Release|Any CPU
		{327B28FC-253D-4A78-BBB2-79DADA4F2A1E}.Ad-Hoc|ARM.Build.0 = Release|Any CPU
		{327B28FC-253D-4A78-BBB2-79DADA4F2A1E}.Ad-Hoc|iPhone.ActiveCfg = Release|Any CPU
		{327B28FC-253D-4A78-BBB2-79DADA4F2A1E}.Ad-Hoc|iPhone.Build.0 = Release|Any CPU
		{327B28FC-253D-4A78-BBB2-79DADA4F2A1E}.Ad-Hoc|iPhoneSimulator.ActiveCfg = Release|Any CPU
		{327B28FC-253D-4A78-BBB2-79DADA4F2A1E}.Ad-Hoc|iPhoneSimulator.Build.0 = Release|Any CPU
		{327B28FC-253D-4A78-BBB2-79DADA4F2A1E}.Ad-Hoc|x64.ActiveCfg = Release|Any CPU
		{327B28FC-253D-4A78-BBB2-79DADA4F2A1E}.Ad-Hoc|x64.Build.0 = Release|Any CPU
		{327B28FC-253D-4A78-BBB2-79DADA4F2A1E}.Ad-Hoc|x86.ActiveCfg = Release|Any CPU
		{327B28FC-253D-4A78-BBB2-79DADA4F2A1E}.Ad-Hoc|x86.Build.0 = Release|Any CPU
		{327B28FC-253D-4A78-BBB2-79DADA4F2A1E}.AppStore|Any CPU.ActiveCfg = Release|Any CPU
		{327B28FC-253D-4A78-BBB2-79DADA4F2A1E}.AppStore|Any CPU.Build.0 = Release|Any CPU
		{327B28FC-253D-4A78-BBB2-79DADA4F2A1E}.AppStore|ARM.ActiveCfg = Release|Any CPU
		{327B28FC-253D-4A78-BBB2-79DADA4F2A1E}.AppStore|ARM.Build.0 = Release|Any CPU
		{327B28FC-253D-4A78-BBB2-79DADA4F2A1E}.AppStore|iPhone.ActiveCfg = Release|Any CPU
		{327B28FC-253D-4A78-BBB2-79DADA4F2A1E}.AppStore|iPhone.Build.0 = Release|Any CPU
		{327B28FC-253D-4A78-BBB2-79DADA4F2A1E}.AppStore|iPhoneSimulator.ActiveCfg = Release|Any CPU
		{327B28FC-253D-4A78-BBB2-79DADA4F2A1E}.AppStore|iPhoneSimulator.Build.0 = Release|Any CPU
		{327B28FC-253D-4A78-BBB2-79DADA4F2A1E}.AppStore|x64.ActiveCfg = Release|Any CPU
		{327B28FC-253D-4A78-BBB2-79DADA4F2A1E}.AppStore|x64.Build.0 = Release|Any CPU
		{327B28FC-253D-4A78-BBB2-79DADA4F2A1E}.AppStore|x86.ActiveCfg = Release|Any CPU
		{327B28FC-253D-4A78-BBB2-79DADA4F2A1E}.AppStore|x86.Build.0 = Release|Any CPU
		{327B28FC-253D-4A78-BBB2-79DADA4F2A1E}.Debug|Any CPU.ActiveCfg = Debug|Any CPU
		{327B28FC-253D-4A78-BBB2-79DADA4F2A1E}.Debug|Any CPU.Build.0 = Debug|Any CPU
		{327B28FC-253D-4A78-BBB2-79DADA4F2A1E}.Debug|ARM.ActiveCfg = Debug|Any CPU
		{327B28FC-253D-4A78-BBB2-79DADA4F2A1E}.Debug|ARM.Build.0 = Debug|Any CPU
		{327B28FC-253D-4A78-BBB2-79DADA4F2A1E}.Debug|iPhone.ActiveCfg = Debug|Any CPU
		{327B28FC-253D-4A78-BBB2-79DADA4F2A1E}.Debug|iPhone.Build.0 = Debug|Any CPU
		{327B28FC-253D-4A78-BBB2-79DADA4F2A1E}.Debug|iPhoneSimulator.ActiveCfg = Debug|Any CPU
		{327B28FC-253D-4A78-BBB2-79DADA4F2A1E}.Debug|iPhoneSimulator.Build.0 = Debug|Any CPU
		{327B28FC-253D-4A78-BBB2-79DADA4F2A1E}.Debug|x64.ActiveCfg = Debug|Any CPU
		{327B28FC-253D-4A78-BBB2-79DADA4F2A1E}.Debug|x64.Build.0 = Debug|Any CPU
		{327B28FC-253D-4A78-BBB2-79DADA4F2A1E}.Debug|x86.ActiveCfg = Debug|Any CPU
		{327B28FC-253D-4A78-BBB2-79DADA4F2A1E}.Debug|x86.Build.0 = Debug|Any CPU
		{327B28FC-253D-4A78-BBB2-79DADA4F2A1E}.Release|Any CPU.ActiveCfg = Release|Any CPU
		{327B28FC-253D-4A78-BBB2-79DADA4F2A1E}.Release|Any CPU.Build.0 = Release|Any CPU
		{327B28FC-253D-4A78-BBB2-79DADA4F2A1E}.Release|ARM.ActiveCfg = Release|Any CPU
		{327B28FC-253D-4A78-BBB2-79DADA4F2A1E}.Release|ARM.Build.0 = Release|Any CPU
		{327B28FC-253D-4A78-BBB2-79DADA4F2A1E}.Release|iPhone.ActiveCfg = Release|Any CPU
		{327B28FC-253D-4A78-BBB2-79DADA4F2A1E}.Release|iPhone.Build.0 = Release|Any CPU
		{327B28FC-253D-4A78-BBB2-79DADA4F2A1E}.Release|iPhoneSimulator.ActiveCfg = Release|Any CPU
		{327B28FC-253D-4A78-BBB2-79DADA4F2A1E}.Release|iPhoneSimulator.Build.0 = Release|Any CPU
		{327B28FC-253D-4A78-BBB2-79DADA4F2A1E}.Release|x64.ActiveCfg = Release|Any CPU
		{327B28FC-253D-4A78-BBB2-79DADA4F2A1E}.Release|x64.Build.0 = Release|Any CPU
		{327B28FC-253D-4A78-BBB2-79DADA4F2A1E}.Release|x86.ActiveCfg = Release|Any CPU
		{327B28FC-253D-4A78-BBB2-79DADA4F2A1E}.Release|x86.Build.0 = Release|Any CPU
		{0451BAEF-DF2E-4B98-8644-94EE9415E389}.Ad-Hoc|Any CPU.ActiveCfg = Release|Any CPU
		{0451BAEF-DF2E-4B98-8644-94EE9415E389}.Ad-Hoc|Any CPU.Build.0 = Release|Any CPU
		{0451BAEF-DF2E-4B98-8644-94EE9415E389}.Ad-Hoc|ARM.ActiveCfg = Release|Any CPU
		{0451BAEF-DF2E-4B98-8644-94EE9415E389}.Ad-Hoc|ARM.Build.0 = Release|Any CPU
		{0451BAEF-DF2E-4B98-8644-94EE9415E389}.Ad-Hoc|iPhone.ActiveCfg = Release|Any CPU
		{0451BAEF-DF2E-4B98-8644-94EE9415E389}.Ad-Hoc|iPhone.Build.0 = Release|Any CPU
		{0451BAEF-DF2E-4B98-8644-94EE9415E389}.Ad-Hoc|iPhoneSimulator.ActiveCfg = Release|Any CPU
		{0451BAEF-DF2E-4B98-8644-94EE9415E389}.Ad-Hoc|iPhoneSimulator.Build.0 = Release|Any CPU
		{0451BAEF-DF2E-4B98-8644-94EE9415E389}.Ad-Hoc|x64.ActiveCfg = Release|Any CPU
		{0451BAEF-DF2E-4B98-8644-94EE9415E389}.Ad-Hoc|x64.Build.0 = Release|Any CPU
		{0451BAEF-DF2E-4B98-8644-94EE9415E389}.Ad-Hoc|x86.ActiveCfg = Release|Any CPU
		{0451BAEF-DF2E-4B98-8644-94EE9415E389}.Ad-Hoc|x86.Build.0 = Release|Any CPU
		{0451BAEF-DF2E-4B98-8644-94EE9415E389}.AppStore|Any CPU.ActiveCfg = Release|Any CPU
		{0451BAEF-DF2E-4B98-8644-94EE9415E389}.AppStore|Any CPU.Build.0 = Release|Any CPU
		{0451BAEF-DF2E-4B98-8644-94EE9415E389}.AppStore|ARM.ActiveCfg = Release|Any CPU
		{0451BAEF-DF2E-4B98-8644-94EE9415E389}.AppStore|ARM.Build.0 = Release|Any CPU
		{0451BAEF-DF2E-4B98-8644-94EE9415E389}.AppStore|iPhone.ActiveCfg = Release|Any CPU
		{0451BAEF-DF2E-4B98-8644-94EE9415E389}.AppStore|iPhone.Build.0 = Release|Any CPU
		{0451BAEF-DF2E-4B98-8644-94EE9415E389}.AppStore|iPhoneSimulator.ActiveCfg = Release|Any CPU
		{0451BAEF-DF2E-4B98-8644-94EE9415E389}.AppStore|iPhoneSimulator.Build.0 = Release|Any CPU
		{0451BAEF-DF2E-4B98-8644-94EE9415E389}.AppStore|x64.ActiveCfg = Release|Any CPU
		{0451BAEF-DF2E-4B98-8644-94EE9415E389}.AppStore|x64.Build.0 = Release|Any CPU
		{0451BAEF-DF2E-4B98-8644-94EE9415E389}.AppStore|x86.ActiveCfg = Release|Any CPU
		{0451BAEF-DF2E-4B98-8644-94EE9415E389}.AppStore|x86.Build.0 = Release|Any CPU
		{0451BAEF-DF2E-4B98-8644-94EE9415E389}.Debug|Any CPU.ActiveCfg = Debug|Any CPU
		{0451BAEF-DF2E-4B98-8644-94EE9415E389}.Debug|ARM.ActiveCfg = Debug|Any CPU
		{0451BAEF-DF2E-4B98-8644-94EE9415E389}.Debug|ARM.Build.0 = Debug|Any CPU
		{0451BAEF-DF2E-4B98-8644-94EE9415E389}.Debug|iPhone.ActiveCfg = Debug|Any CPU
		{0451BAEF-DF2E-4B98-8644-94EE9415E389}.Debug|iPhone.Build.0 = Debug|Any CPU
		{0451BAEF-DF2E-4B98-8644-94EE9415E389}.Debug|iPhoneSimulator.ActiveCfg = Debug|Any CPU
		{0451BAEF-DF2E-4B98-8644-94EE9415E389}.Debug|iPhoneSimulator.Build.0 = Debug|Any CPU
		{0451BAEF-DF2E-4B98-8644-94EE9415E389}.Debug|x64.ActiveCfg = Debug|Any CPU
		{0451BAEF-DF2E-4B98-8644-94EE9415E389}.Debug|x64.Build.0 = Debug|Any CPU
		{0451BAEF-DF2E-4B98-8644-94EE9415E389}.Debug|x86.ActiveCfg = Debug|Any CPU
		{0451BAEF-DF2E-4B98-8644-94EE9415E389}.Debug|x86.Build.0 = Debug|Any CPU
		{0451BAEF-DF2E-4B98-8644-94EE9415E389}.Release|Any CPU.ActiveCfg = Release|Any CPU
		{0451BAEF-DF2E-4B98-8644-94EE9415E389}.Release|ARM.ActiveCfg = Release|Any CPU
		{0451BAEF-DF2E-4B98-8644-94EE9415E389}.Release|ARM.Build.0 = Release|Any CPU
		{0451BAEF-DF2E-4B98-8644-94EE9415E389}.Release|iPhone.ActiveCfg = Release|Any CPU
		{0451BAEF-DF2E-4B98-8644-94EE9415E389}.Release|iPhone.Build.0 = Release|Any CPU
		{0451BAEF-DF2E-4B98-8644-94EE9415E389}.Release|iPhoneSimulator.ActiveCfg = Release|Any CPU
		{0451BAEF-DF2E-4B98-8644-94EE9415E389}.Release|iPhoneSimulator.Build.0 = Release|Any CPU
		{0451BAEF-DF2E-4B98-8644-94EE9415E389}.Release|x64.ActiveCfg = Release|Any CPU
		{0451BAEF-DF2E-4B98-8644-94EE9415E389}.Release|x64.Build.0 = Release|Any CPU
		{0451BAEF-DF2E-4B98-8644-94EE9415E389}.Release|x86.ActiveCfg = Release|Any CPU
		{0451BAEF-DF2E-4B98-8644-94EE9415E389}.Release|x86.Build.0 = Release|Any CPU
		{B8EC1FC0-9D15-47C6-BBEA-A3B173CBC7B4}.Ad-Hoc|Any CPU.ActiveCfg = Release|Any CPU
		{B8EC1FC0-9D15-47C6-BBEA-A3B173CBC7B4}.Ad-Hoc|Any CPU.Build.0 = Release|Any CPU
		{B8EC1FC0-9D15-47C6-BBEA-A3B173CBC7B4}.Ad-Hoc|Any CPU.Deploy.0 = Release|Any CPU
		{B8EC1FC0-9D15-47C6-BBEA-A3B173CBC7B4}.Ad-Hoc|ARM.ActiveCfg = Release|Any CPU
		{B8EC1FC0-9D15-47C6-BBEA-A3B173CBC7B4}.Ad-Hoc|ARM.Build.0 = Release|Any CPU
		{B8EC1FC0-9D15-47C6-BBEA-A3B173CBC7B4}.Ad-Hoc|ARM.Deploy.0 = Release|Any CPU
		{B8EC1FC0-9D15-47C6-BBEA-A3B173CBC7B4}.Ad-Hoc|iPhone.ActiveCfg = Release|Any CPU
		{B8EC1FC0-9D15-47C6-BBEA-A3B173CBC7B4}.Ad-Hoc|iPhone.Build.0 = Release|Any CPU
		{B8EC1FC0-9D15-47C6-BBEA-A3B173CBC7B4}.Ad-Hoc|iPhone.Deploy.0 = Release|Any CPU
		{B8EC1FC0-9D15-47C6-BBEA-A3B173CBC7B4}.Ad-Hoc|iPhoneSimulator.ActiveCfg = Release|Any CPU
		{B8EC1FC0-9D15-47C6-BBEA-A3B173CBC7B4}.Ad-Hoc|iPhoneSimulator.Build.0 = Release|Any CPU
		{B8EC1FC0-9D15-47C6-BBEA-A3B173CBC7B4}.Ad-Hoc|iPhoneSimulator.Deploy.0 = Release|Any CPU
		{B8EC1FC0-9D15-47C6-BBEA-A3B173CBC7B4}.Ad-Hoc|x64.ActiveCfg = Release|Any CPU
		{B8EC1FC0-9D15-47C6-BBEA-A3B173CBC7B4}.Ad-Hoc|x64.Build.0 = Release|Any CPU
		{B8EC1FC0-9D15-47C6-BBEA-A3B173CBC7B4}.Ad-Hoc|x64.Deploy.0 = Release|Any CPU
		{B8EC1FC0-9D15-47C6-BBEA-A3B173CBC7B4}.Ad-Hoc|x86.ActiveCfg = Release|Any CPU
		{B8EC1FC0-9D15-47C6-BBEA-A3B173CBC7B4}.Ad-Hoc|x86.Build.0 = Release|Any CPU
		{B8EC1FC0-9D15-47C6-BBEA-A3B173CBC7B4}.Ad-Hoc|x86.Deploy.0 = Release|Any CPU
		{B8EC1FC0-9D15-47C6-BBEA-A3B173CBC7B4}.AppStore|Any CPU.ActiveCfg = Release|Any CPU
		{B8EC1FC0-9D15-47C6-BBEA-A3B173CBC7B4}.AppStore|Any CPU.Build.0 = Release|Any CPU
		{B8EC1FC0-9D15-47C6-BBEA-A3B173CBC7B4}.AppStore|Any CPU.Deploy.0 = Release|Any CPU
		{B8EC1FC0-9D15-47C6-BBEA-A3B173CBC7B4}.AppStore|ARM.ActiveCfg = Release|Any CPU
		{B8EC1FC0-9D15-47C6-BBEA-A3B173CBC7B4}.AppStore|ARM.Build.0 = Release|Any CPU
		{B8EC1FC0-9D15-47C6-BBEA-A3B173CBC7B4}.AppStore|ARM.Deploy.0 = Release|Any CPU
		{B8EC1FC0-9D15-47C6-BBEA-A3B173CBC7B4}.AppStore|iPhone.ActiveCfg = Release|Any CPU
		{B8EC1FC0-9D15-47C6-BBEA-A3B173CBC7B4}.AppStore|iPhone.Build.0 = Release|Any CPU
		{B8EC1FC0-9D15-47C6-BBEA-A3B173CBC7B4}.AppStore|iPhone.Deploy.0 = Release|Any CPU
		{B8EC1FC0-9D15-47C6-BBEA-A3B173CBC7B4}.AppStore|iPhoneSimulator.ActiveCfg = Release|Any CPU
		{B8EC1FC0-9D15-47C6-BBEA-A3B173CBC7B4}.AppStore|iPhoneSimulator.Build.0 = Release|Any CPU
		{B8EC1FC0-9D15-47C6-BBEA-A3B173CBC7B4}.AppStore|iPhoneSimulator.Deploy.0 = Release|Any CPU
		{B8EC1FC0-9D15-47C6-BBEA-A3B173CBC7B4}.AppStore|x64.ActiveCfg = Release|Any CPU
		{B8EC1FC0-9D15-47C6-BBEA-A3B173CBC7B4}.AppStore|x64.Build.0 = Release|Any CPU
		{B8EC1FC0-9D15-47C6-BBEA-A3B173CBC7B4}.AppStore|x64.Deploy.0 = Release|Any CPU
		{B8EC1FC0-9D15-47C6-BBEA-A3B173CBC7B4}.AppStore|x86.ActiveCfg = Release|Any CPU
		{B8EC1FC0-9D15-47C6-BBEA-A3B173CBC7B4}.AppStore|x86.Build.0 = Release|Any CPU
		{B8EC1FC0-9D15-47C6-BBEA-A3B173CBC7B4}.AppStore|x86.Deploy.0 = Release|Any CPU
		{B8EC1FC0-9D15-47C6-BBEA-A3B173CBC7B4}.Debug|Any CPU.ActiveCfg = Debug|Any CPU
		{B8EC1FC0-9D15-47C6-BBEA-A3B173CBC7B4}.Debug|Any CPU.Build.0 = Debug|Any CPU
		{B8EC1FC0-9D15-47C6-BBEA-A3B173CBC7B4}.Debug|Any CPU.Deploy.0 = Debug|Any CPU
		{B8EC1FC0-9D15-47C6-BBEA-A3B173CBC7B4}.Debug|ARM.ActiveCfg = Debug|Any CPU
		{B8EC1FC0-9D15-47C6-BBEA-A3B173CBC7B4}.Debug|ARM.Build.0 = Debug|Any CPU
		{B8EC1FC0-9D15-47C6-BBEA-A3B173CBC7B4}.Debug|ARM.Deploy.0 = Debug|Any CPU
		{B8EC1FC0-9D15-47C6-BBEA-A3B173CBC7B4}.Debug|iPhone.ActiveCfg = Debug|Any CPU
		{B8EC1FC0-9D15-47C6-BBEA-A3B173CBC7B4}.Debug|iPhone.Build.0 = Debug|Any CPU
		{B8EC1FC0-9D15-47C6-BBEA-A3B173CBC7B4}.Debug|iPhone.Deploy.0 = Debug|Any CPU
		{B8EC1FC0-9D15-47C6-BBEA-A3B173CBC7B4}.Debug|iPhoneSimulator.ActiveCfg = Debug|Any CPU
		{B8EC1FC0-9D15-47C6-BBEA-A3B173CBC7B4}.Debug|iPhoneSimulator.Build.0 = Debug|Any CPU
		{B8EC1FC0-9D15-47C6-BBEA-A3B173CBC7B4}.Debug|iPhoneSimulator.Deploy.0 = Debug|Any CPU
		{B8EC1FC0-9D15-47C6-BBEA-A3B173CBC7B4}.Debug|x64.ActiveCfg = Debug|Any CPU
		{B8EC1FC0-9D15-47C6-BBEA-A3B173CBC7B4}.Debug|x64.Build.0 = Debug|Any CPU
		{B8EC1FC0-9D15-47C6-BBEA-A3B173CBC7B4}.Debug|x64.Deploy.0 = Debug|Any CPU
		{B8EC1FC0-9D15-47C6-BBEA-A3B173CBC7B4}.Debug|x86.ActiveCfg = Debug|Any CPU
		{B8EC1FC0-9D15-47C6-BBEA-A3B173CBC7B4}.Debug|x86.Build.0 = Debug|Any CPU
		{B8EC1FC0-9D15-47C6-BBEA-A3B173CBC7B4}.Debug|x86.Deploy.0 = Debug|Any CPU
		{B8EC1FC0-9D15-47C6-BBEA-A3B173CBC7B4}.Release|Any CPU.ActiveCfg = Release|Any CPU
		{B8EC1FC0-9D15-47C6-BBEA-A3B173CBC7B4}.Release|ARM.ActiveCfg = Release|Any CPU
		{B8EC1FC0-9D15-47C6-BBEA-A3B173CBC7B4}.Release|ARM.Build.0 = Release|Any CPU
		{B8EC1FC0-9D15-47C6-BBEA-A3B173CBC7B4}.Release|ARM.Deploy.0 = Release|Any CPU
		{B8EC1FC0-9D15-47C6-BBEA-A3B173CBC7B4}.Release|iPhone.ActiveCfg = Release|Any CPU
		{B8EC1FC0-9D15-47C6-BBEA-A3B173CBC7B4}.Release|iPhone.Build.0 = Release|Any CPU
		{B8EC1FC0-9D15-47C6-BBEA-A3B173CBC7B4}.Release|iPhone.Deploy.0 = Release|Any CPU
		{B8EC1FC0-9D15-47C6-BBEA-A3B173CBC7B4}.Release|iPhoneSimulator.ActiveCfg = Release|Any CPU
		{B8EC1FC0-9D15-47C6-BBEA-A3B173CBC7B4}.Release|iPhoneSimulator.Build.0 = Release|Any CPU
		{B8EC1FC0-9D15-47C6-BBEA-A3B173CBC7B4}.Release|iPhoneSimulator.Deploy.0 = Release|Any CPU
		{B8EC1FC0-9D15-47C6-BBEA-A3B173CBC7B4}.Release|x64.ActiveCfg = Release|Any CPU
		{B8EC1FC0-9D15-47C6-BBEA-A3B173CBC7B4}.Release|x64.Build.0 = Release|Any CPU
		{B8EC1FC0-9D15-47C6-BBEA-A3B173CBC7B4}.Release|x64.Deploy.0 = Release|Any CPU
		{B8EC1FC0-9D15-47C6-BBEA-A3B173CBC7B4}.Release|x86.ActiveCfg = Release|Any CPU
		{B8EC1FC0-9D15-47C6-BBEA-A3B173CBC7B4}.Release|x86.Build.0 = Release|Any CPU
		{B8EC1FC0-9D15-47C6-BBEA-A3B173CBC7B4}.Release|x86.Deploy.0 = Release|Any CPU
		{E76FFDFB-689F-4EEA-B4DE-B40DF5DFDDEA}.Ad-Hoc|Any CPU.ActiveCfg = Release|Any CPU
		{E76FFDFB-689F-4EEA-B4DE-B40DF5DFDDEA}.Ad-Hoc|Any CPU.Build.0 = Release|Any CPU
		{E76FFDFB-689F-4EEA-B4DE-B40DF5DFDDEA}.Ad-Hoc|ARM.ActiveCfg = Release|Any CPU
		{E76FFDFB-689F-4EEA-B4DE-B40DF5DFDDEA}.Ad-Hoc|ARM.Build.0 = Release|Any CPU
		{E76FFDFB-689F-4EEA-B4DE-B40DF5DFDDEA}.Ad-Hoc|iPhone.ActiveCfg = Release|Any CPU
		{E76FFDFB-689F-4EEA-B4DE-B40DF5DFDDEA}.Ad-Hoc|iPhone.Build.0 = Release|Any CPU
		{E76FFDFB-689F-4EEA-B4DE-B40DF5DFDDEA}.Ad-Hoc|iPhoneSimulator.ActiveCfg = Release|Any CPU
		{E76FFDFB-689F-4EEA-B4DE-B40DF5DFDDEA}.Ad-Hoc|iPhoneSimulator.Build.0 = Release|Any CPU
		{E76FFDFB-689F-4EEA-B4DE-B40DF5DFDDEA}.Ad-Hoc|x64.ActiveCfg = Release|Any CPU
		{E76FFDFB-689F-4EEA-B4DE-B40DF5DFDDEA}.Ad-Hoc|x64.Build.0 = Release|Any CPU
		{E76FFDFB-689F-4EEA-B4DE-B40DF5DFDDEA}.Ad-Hoc|x86.ActiveCfg = Release|Any CPU
		{E76FFDFB-689F-4EEA-B4DE-B40DF5DFDDEA}.Ad-Hoc|x86.Build.0 = Release|Any CPU
		{E76FFDFB-689F-4EEA-B4DE-B40DF5DFDDEA}.AppStore|Any CPU.ActiveCfg = Release|Any CPU
		{E76FFDFB-689F-4EEA-B4DE-B40DF5DFDDEA}.AppStore|Any CPU.Build.0 = Release|Any CPU
		{E76FFDFB-689F-4EEA-B4DE-B40DF5DFDDEA}.AppStore|ARM.ActiveCfg = Release|Any CPU
		{E76FFDFB-689F-4EEA-B4DE-B40DF5DFDDEA}.AppStore|ARM.Build.0 = Release|Any CPU
		{E76FFDFB-689F-4EEA-B4DE-B40DF5DFDDEA}.AppStore|iPhone.ActiveCfg = Release|Any CPU
		{E76FFDFB-689F-4EEA-B4DE-B40DF5DFDDEA}.AppStore|iPhone.Build.0 = Release|Any CPU
		{E76FFDFB-689F-4EEA-B4DE-B40DF5DFDDEA}.AppStore|iPhoneSimulator.ActiveCfg = Release|Any CPU
		{E76FFDFB-689F-4EEA-B4DE-B40DF5DFDDEA}.AppStore|iPhoneSimulator.Build.0 = Release|Any CPU
		{E76FFDFB-689F-4EEA-B4DE-B40DF5DFDDEA}.AppStore|x64.ActiveCfg = Release|Any CPU
		{E76FFDFB-689F-4EEA-B4DE-B40DF5DFDDEA}.AppStore|x64.Build.0 = Release|Any CPU
		{E76FFDFB-689F-4EEA-B4DE-B40DF5DFDDEA}.AppStore|x86.ActiveCfg = Release|Any CPU
		{E76FFDFB-689F-4EEA-B4DE-B40DF5DFDDEA}.AppStore|x86.Build.0 = Release|Any CPU
		{E76FFDFB-689F-4EEA-B4DE-B40DF5DFDDEA}.Debug|Any CPU.ActiveCfg = Debug|Any CPU
		{E76FFDFB-689F-4EEA-B4DE-B40DF5DFDDEA}.Debug|Any CPU.Build.0 = Debug|Any CPU
		{E76FFDFB-689F-4EEA-B4DE-B40DF5DFDDEA}.Debug|ARM.ActiveCfg = Debug|Any CPU
		{E76FFDFB-689F-4EEA-B4DE-B40DF5DFDDEA}.Debug|ARM.Build.0 = Debug|Any CPU
		{E76FFDFB-689F-4EEA-B4DE-B40DF5DFDDEA}.Debug|iPhone.ActiveCfg = Debug|Any CPU
		{E76FFDFB-689F-4EEA-B4DE-B40DF5DFDDEA}.Debug|iPhone.Build.0 = Debug|Any CPU
		{E76FFDFB-689F-4EEA-B4DE-B40DF5DFDDEA}.Debug|iPhoneSimulator.ActiveCfg = Debug|Any CPU
		{E76FFDFB-689F-4EEA-B4DE-B40DF5DFDDEA}.Debug|iPhoneSimulator.Build.0 = Debug|Any CPU
		{E76FFDFB-689F-4EEA-B4DE-B40DF5DFDDEA}.Debug|x64.ActiveCfg = Debug|Any CPU
		{E76FFDFB-689F-4EEA-B4DE-B40DF5DFDDEA}.Debug|x64.Build.0 = Debug|Any CPU
		{E76FFDFB-689F-4EEA-B4DE-B40DF5DFDDEA}.Debug|x86.ActiveCfg = Debug|Any CPU
		{E76FFDFB-689F-4EEA-B4DE-B40DF5DFDDEA}.Debug|x86.Build.0 = Debug|Any CPU
		{E76FFDFB-689F-4EEA-B4DE-B40DF5DFDDEA}.Release|Any CPU.ActiveCfg = Release|Any CPU
		{E76FFDFB-689F-4EEA-B4DE-B40DF5DFDDEA}.Release|ARM.ActiveCfg = Release|Any CPU
		{E76FFDFB-689F-4EEA-B4DE-B40DF5DFDDEA}.Release|ARM.Build.0 = Release|Any CPU
		{E76FFDFB-689F-4EEA-B4DE-B40DF5DFDDEA}.Release|iPhone.ActiveCfg = Release|Any CPU
		{E76FFDFB-689F-4EEA-B4DE-B40DF5DFDDEA}.Release|iPhone.Build.0 = Release|Any CPU
		{E76FFDFB-689F-4EEA-B4DE-B40DF5DFDDEA}.Release|iPhoneSimulator.ActiveCfg = Release|Any CPU
		{E76FFDFB-689F-4EEA-B4DE-B40DF5DFDDEA}.Release|iPhoneSimulator.Build.0 = Release|Any CPU
		{E76FFDFB-689F-4EEA-B4DE-B40DF5DFDDEA}.Release|x64.ActiveCfg = Release|Any CPU
		{E76FFDFB-689F-4EEA-B4DE-B40DF5DFDDEA}.Release|x64.Build.0 = Release|Any CPU
		{E76FFDFB-689F-4EEA-B4DE-B40DF5DFDDEA}.Release|x86.ActiveCfg = Release|Any CPU
		{E76FFDFB-689F-4EEA-B4DE-B40DF5DFDDEA}.Release|x86.Build.0 = Release|Any CPU
		{3C376C84-84E6-447D-A048-C5FAB00C6FAF}.Ad-Hoc|Any CPU.ActiveCfg = Ad-Hoc|iPhone
		{3C376C84-84E6-447D-A048-C5FAB00C6FAF}.Ad-Hoc|ARM.ActiveCfg = Ad-Hoc|iPhone
		{3C376C84-84E6-447D-A048-C5FAB00C6FAF}.Ad-Hoc|iPhone.ActiveCfg = Ad-Hoc|iPhone
		{3C376C84-84E6-447D-A048-C5FAB00C6FAF}.Ad-Hoc|iPhone.Build.0 = Ad-Hoc|iPhone
		{3C376C84-84E6-447D-A048-C5FAB00C6FAF}.Ad-Hoc|iPhoneSimulator.ActiveCfg = Ad-Hoc|iPhoneSimulator
		{3C376C84-84E6-447D-A048-C5FAB00C6FAF}.Ad-Hoc|iPhoneSimulator.Build.0 = Ad-Hoc|iPhoneSimulator
		{3C376C84-84E6-447D-A048-C5FAB00C6FAF}.Ad-Hoc|x64.ActiveCfg = Ad-Hoc|iPhone
		{3C376C84-84E6-447D-A048-C5FAB00C6FAF}.Ad-Hoc|x86.ActiveCfg = Ad-Hoc|iPhone
		{3C376C84-84E6-447D-A048-C5FAB00C6FAF}.AppStore|Any CPU.ActiveCfg = AppStore|iPhone
		{3C376C84-84E6-447D-A048-C5FAB00C6FAF}.AppStore|ARM.ActiveCfg = AppStore|iPhone
		{3C376C84-84E6-447D-A048-C5FAB00C6FAF}.AppStore|iPhone.ActiveCfg = AppStore|iPhone
		{3C376C84-84E6-447D-A048-C5FAB00C6FAF}.AppStore|iPhone.Build.0 = AppStore|iPhone
		{3C376C84-84E6-447D-A048-C5FAB00C6FAF}.AppStore|iPhoneSimulator.ActiveCfg = AppStore|iPhoneSimulator
		{3C376C84-84E6-447D-A048-C5FAB00C6FAF}.AppStore|iPhoneSimulator.Build.0 = AppStore|iPhoneSimulator
		{3C376C84-84E6-447D-A048-C5FAB00C6FAF}.AppStore|x64.ActiveCfg = AppStore|iPhone
		{3C376C84-84E6-447D-A048-C5FAB00C6FAF}.AppStore|x86.ActiveCfg = AppStore|iPhone
		{3C376C84-84E6-447D-A048-C5FAB00C6FAF}.Debug|Any CPU.ActiveCfg = Debug|iPhone
		{3C376C84-84E6-447D-A048-C5FAB00C6FAF}.Debug|ARM.ActiveCfg = Debug|iPhone
		{3C376C84-84E6-447D-A048-C5FAB00C6FAF}.Debug|iPhone.ActiveCfg = Debug|iPhone
		{3C376C84-84E6-447D-A048-C5FAB00C6FAF}.Debug|iPhone.Build.0 = Debug|iPhone
		{3C376C84-84E6-447D-A048-C5FAB00C6FAF}.Debug|iPhoneSimulator.ActiveCfg = Debug|iPhoneSimulator
		{3C376C84-84E6-447D-A048-C5FAB00C6FAF}.Debug|iPhoneSimulator.Build.0 = Debug|iPhoneSimulator
		{3C376C84-84E6-447D-A048-C5FAB00C6FAF}.Debug|x64.ActiveCfg = Debug|iPhone
		{3C376C84-84E6-447D-A048-C5FAB00C6FAF}.Debug|x86.ActiveCfg = Debug|iPhone
		{3C376C84-84E6-447D-A048-C5FAB00C6FAF}.Release|Any CPU.ActiveCfg = Release|iPhone
		{3C376C84-84E6-447D-A048-C5FAB00C6FAF}.Release|ARM.ActiveCfg = Release|iPhone
		{3C376C84-84E6-447D-A048-C5FAB00C6FAF}.Release|iPhone.ActiveCfg = Release|iPhone
		{3C376C84-84E6-447D-A048-C5FAB00C6FAF}.Release|iPhone.Build.0 = Release|iPhone
		{3C376C84-84E6-447D-A048-C5FAB00C6FAF}.Release|iPhoneSimulator.ActiveCfg = Release|iPhoneSimulator
		{3C376C84-84E6-447D-A048-C5FAB00C6FAF}.Release|iPhoneSimulator.Build.0 = Release|iPhoneSimulator
		{3C376C84-84E6-447D-A048-C5FAB00C6FAF}.Release|x64.ActiveCfg = Release|iPhone
		{3C376C84-84E6-447D-A048-C5FAB00C6FAF}.Release|x86.ActiveCfg = Release|iPhone
	EndGlobalSection
	GlobalSection(SolutionProperties) = preSolution
		HideSolutionNode = FALSE
	EndGlobalSection
	GlobalSection(NestedProjects) = preSolution
		{67F9D3A8-F71E-4428-913F-C37AE82CDB24} = {61947135-8EC6-46E7-97A3-65AF694D53F7}
		{58322946-A09D-41FE-BD21-A16470A252C1} = {61947135-8EC6-46E7-97A3-65AF694D53F7}
		{327B28FC-253D-4A78-BBB2-79DADA4F2A1E} = {61947135-8EC6-46E7-97A3-65AF694D53F7}
		{B8EC1FC0-9D15-47C6-BBEA-A3B173CBC7B4} = {70257578-BC85-44BB-B995-2DAAF2AF64E4}
		{E76FFDFB-689F-4EEA-B4DE-B40DF5DFDDEA} = {70257578-BC85-44BB-B995-2DAAF2AF64E4}
		{3C376C84-84E6-447D-A048-C5FAB00C6FAF} = {70257578-BC85-44BB-B995-2DAAF2AF64E4}
	EndGlobalSection
EndGlobal
